// !$*UTF8*$!
{
	archiveVersion = 1;
	classes = {
	};
	objectVersion = 77;
	objects = {

/* Begin PBXContainerItemProxy section */
		AD9A73CB2DC20A0E00D928F3 /* PBXContainerItemProxy */ = {
			isa = PBXContainerItemProxy;
			containerPortal = AD9A73B52DC20A0900D928F3 /* Project object */;
			proxyType = 1;
			remoteGlobalIDString = AD9A73BC2DC20A0900D928F3;
			remoteInfo = KaiKai;
		};
		AD9A73D52DC20A0E00D928F3 /* PBXContainerItemProxy */ = {
			isa = PBXContainerItemProxy;
			containerPortal = AD9A73B52DC20A0900D928F3 /* Project object */;
			proxyType = 1;
			remoteGlobalIDString = AD9A73BC2DC20A0900D928F3;
			remoteInfo = KaiKai;
		};
/* End PBXContainerItemProxy section */

/* Begin PBXFileReference section */
		AD9A73BD2DC20A0900D928F3 /* KaiKai.app */ = {isa = PBXFileReference; explicitFileType = wrapper.application; includeInIndex = 0; path = KaiKai.app; sourceTree = BUILT_PRODUCTS_DIR; };
		AD9A73CA2DC20A0E00D928F3 /* KaiKaiTests.xctest */ = {isa = PBXFileReference; explicitFileType = wrapper.cfbundle; includeInIndex = 0; path = KaiKaiTests.xctest; sourceTree = BUILT_PRODUCTS_DIR; };
		AD9A73D42DC20A0E00D928F3 /* KaiKaiUITests.xctest */ = {isa = PBXFileReference; explicitFileType = wrapper.cfbundle; includeInIndex = 0; path = KaiKaiUITests.xctest; sourceTree = BUILT_PRODUCTS_DIR; };
/* End PBXFileReference section */

/* Begin PBXFileSystemSynchronizedBuildFileExceptionSet section */
		ADC63B9D2DF0419300D6F7B2 /* Exceptions for "KaiKai" folder in "KaiKai" target */ = {
			isa = PBXFileSystemSynchronizedBuildFileExceptionSet;
			membershipExceptions = (
				Info.plist,
			);
			target = AD9A73BC2DC20A0900D928F3 /* KaiKai */;
		};
/* End PBXFileSystemSynchronizedBuildFileExceptionSet section */

/* Begin PBXFileSystemSynchronizedRootGroup section */
		AD9A73BF2DC20A0900D928F3 /* KaiKai */ = {
			isa = PBXFileSystemSynchronizedRootGroup;
			exceptions = (
				ADC63B9D2DF0419300D6F7B2 /* Exceptions for "KaiKai" folder in "KaiKai" target */,
			);
			path = KaiKai;
			sourceTree = "<group>";
		};
		AD9A73CD2DC20A0E00D928F3 /* KaiKaiTests */ = {
			isa = PBXFileSystemSynchronizedRootGroup;
			path = KaiKaiTests;
			sourceTree = "<group>";
		};
		AD9A73D72DC20A0E00D928F3 /* KaiKaiUITests */ = {
			isa = PBXFileSystemSynchronizedRootGroup;
			path = KaiKaiUITests;
			sourceTree = "<group>";
		};
/* End PBXFileSystemSynchronizedRootGroup section */

/* Begin PBXFrameworksBuildPhase section */
		AD9A73BA2DC20A0900D928F3 /* Frameworks */ = {
			isa = PBXFrameworksBuildPhase;
			buildActionMask = 2147483647;
			files = (
			);
			runOnlyForDeploymentPostprocessing = 0;
		};
		AD9A73C72DC20A0E00D928F3 /* Frameworks */ = {
			isa = PBXFrameworksBuildPhase;
			buildActionMask = 2147483647;
			files = (
			);
			runOnlyForDeploymentPostprocessing = 0;
		};
		AD9A73D12DC20A0E00D928F3 /* Frameworks */ = {
			isa = PBXFrameworksBuildPhase;
			buildActionMask = 2147483647;
			files = (
			);
			runOnlyForDeploymentPostprocessing = 0;
		};
/* End PBXFrameworksBuildPhase section */

/* Begin PBXGroup section */
		AD9A73B42DC20A0900D928F3 = {
			isa = PBXGroup;
			children = (
				AD9A73BF2DC20A0900D928F3 /* KaiKai */,
				AD9A73CD2DC20A0E00D928F3 /* KaiKaiTests */,
				AD9A73D72DC20A0E00D928F3 /* KaiKaiUITests */,
				AD9A73BE2DC20A0900D928F3 /* Products */,
			);
			sourceTree = "<group>";
		};
		AD9A73BE2DC20A0900D928F3 /* Products */ = {
			isa = PBXGroup;
			children = (
				AD9A73BD2DC20A0900D928F3 /* KaiKai.app */,
				AD9A73CA2DC20A0E00D928F3 /* KaiKaiTests.xctest */,
				AD9A73D42DC20A0E00D928F3 /* KaiKaiUITests.xctest */,
			);
			name = Products;
			sourceTree = "<group>";
		};
/* End PBXGroup section */

/* Begin PBXNativeTarget section */
		AD9A73BC2DC20A0900D928F3 /* KaiKai */ = {
			isa = PBXNativeTarget;
			buildConfigurationList = AD9A73DE2DC20A0E00D928F3 /* Build configuration list for PBXNativeTarget "KaiKai" */;
			buildPhases = (
				AD9A73B92DC20A0900D928F3 /* Sources */,
				AD9A73BA2DC20A0900D928F3 /* Frameworks */,
				AD9A73BB2DC20A0900D928F3 /* Resources */,
			);
			buildRules = (
			);
			dependencies = (
			);
			fileSystemSynchronizedGroups = (
				AD9A73BF2DC20A0900D928F3 /* KaiKai */,
			);
			name = KaiKai;
			packageProductDependencies = (
			);
			productName = KaiKai;
			productReference = AD9A73BD2DC20A0900D928F3 /* KaiKai.app */;
			productType = "com.apple.product-type.application";
		};
		AD9A73C92DC20A0E00D928F3 /* KaiKaiTests */ = {
			isa = PBXNativeTarget;
			buildConfigurationList = AD9A73E12DC20A0E00D928F3 /* Build configuration list for PBXNativeTarget "KaiKaiTests" */;
			buildPhases = (
				AD9A73C62DC20A0E00D928F3 /* Sources */,
				AD9A73C72DC20A0E00D928F3 /* Frameworks */,
				AD9A73C82DC20A0E00D928F3 /* Resources */,
			);
			buildRules = (
			);
			dependencies = (
				AD9A73CC2DC20A0E00D928F3 /* PBXTargetDependency */,
			);
			fileSystemSynchronizedGroups = (
				AD9A73CD2DC20A0E00D928F3 /* KaiKaiTests */,
			);
			name = KaiKaiTests;
			packageProductDependencies = (
			);
			productName = KaiKaiTests;
			productReference = AD9A73CA2DC20A0E00D928F3 /* KaiKaiTests.xctest */;
			productType = "com.apple.product-type.bundle.unit-test";
		};
		AD9A73D32DC20A0E00D928F3 /* KaiKaiUITests */ = {
			isa = PBXNativeTarget;
			buildConfigurationList = AD9A73E42DC20A0E00D928F3 /* Build configuration list for PBXNativeTarget "KaiKaiUITests" */;
			buildPhases = (
				AD9A73D02DC20A0E00D928F3 /* Sources */,
				AD9A73D12DC20A0E00D928F3 /* Frameworks */,
				AD9A73D22DC20A0E00D928F3 /* Resources */,
			);
			buildRules = (
			);
			dependencies = (
				AD9A73D62DC20A0E00D928F3 /* PBXTargetDependency */,
			);
			fileSystemSynchronizedGroups = (
				AD9A73D72DC20A0E00D928F3 /* KaiKaiUITests */,
			);
			name = KaiKaiUITests;
			packageProductDependencies = (
			);
			productName = KaiKaiUITests;
			productReference = AD9A73D42DC20A0E00D928F3 /* KaiKaiUITests.xctest */;
			productType = "com.apple.product-type.bundle.ui-testing";
		};
/* End PBXNativeTarget section */

/* Begin PBXProject section */
		AD9A73B52DC20A0900D928F3 /* Project object */ = {
			isa = PBXProject;
			attributes = {
				BuildIndependentTargetsInParallel = 1;
				LastSwiftUpdateCheck = 1630;
				LastUpgradeCheck = 1630;
				TargetAttributes = {
					AD9A73BC2DC20A0900D928F3 = {
						CreatedOnToolsVersion = 16.3;
					};
					AD9A73C92DC20A0E00D928F3 = {
						CreatedOnToolsVersion = 16.3;
						TestTargetID = AD9A73BC2DC20A0900D928F3;
					};
					AD9A73D32DC20A0E00D928F3 = {
						CreatedOnToolsVersion = 16.3;
						TestTargetID = AD9A73BC2DC20A0900D928F3;
					};
				};
			};
			buildConfigurationList = AD9A73B82DC20A0900D928F3 /* Build configuration list for PBXProject "KaiKai" */;
			developmentRegion = en;
			hasScannedForEncodings = 0;
			knownRegions = (
				en,
				Base,
			);
			mainGroup = AD9A73B42DC20A0900D928F3;
			minimizedProjectReferenceProxies = 1;
			preferredProjectObjectVersion = 77;
			productRefGroup = AD9A73BE2DC20A0900D928F3 /* Products */;
			projectDirPath = "";
			projectRoot = "";
			targets = (
				AD9A73BC2DC20A0900D928F3 /* KaiKai */,
				AD9A73C92DC20A0E00D928F3 /* KaiKaiTests */,
				AD9A73D32DC20A0E00D928F3 /* KaiKaiUITests */,
			);
		};
/* End PBXProject section */

/* Begin PBXResourcesBuildPhase section */
		AD9A73BB2DC20A0900D928F3 /* Resources */ = {
			isa = PBXResourcesBuildPhase;
			buildActionMask = 2147483647;
			files = (
			);
			runOnlyForDeploymentPostprocessing = 0;
		};
		AD9A73C82DC20A0E00D928F3 /* Resources */ = {
			isa = PBXResourcesBuildPhase;
			buildActionMask = 2147483647;
			files = (
			);
			runOnlyForDeploymentPostprocessing = 0;
		};
		AD9A73D22DC20A0E00D928F3 /* Resources */ = {
			isa = PBXResourcesBuildPhase;
			buildActionMask = 2147483647;
			files = (
			);
			runOnlyForDeploymentPostprocessing = 0;
		};
/* End PBXResourcesBuildPhase section */

/* Begin PBXSourcesBuildPhase section */
		AD9A73B92DC20A0900D928F3 /* Sources */ = {
			isa = PBXSourcesBuildPhase;
			buildActionMask = 2147483647;
			files = (
			);
			runOnlyForDeploymentPostprocessing = 0;
		};
		AD9A73C62DC20A0E00D928F3 /* Sources */ = {
			isa = PBXSourcesBuildPhase;
			buildActionMask = 2147483647;
			files = (
			);
			runOnlyForDeploymentPostprocessing = 0;
		};
		AD9A73D02DC20A0E00D928F3 /* Sources */ = {
			isa = PBXSourcesBuildPhase;
			buildActionMask = 2147483647;
			files = (
			);
			runOnlyForDeploymentPostprocessing = 0;
		};
/* End PBXSourcesBuildPhase section */

/* Begin PBXTargetDependency section */
		AD9A73CC2DC20A0E00D928F3 /* PBXTargetDependency */ = {
			isa = PBXTargetDependency;
			target = AD9A73BC2DC20A0900D928F3 /* KaiKai */;
			targetProxy = AD9A73CB2DC20A0E00D928F3 /* PBXContainerItemProxy */;
		};
		AD9A73D62DC20A0E00D928F3 /* PBXTargetDependency */ = {
			isa = PBXTargetDependency;
			target = AD9A73BC2DC20A0900D928F3 /* KaiKai */;
			targetProxy = AD9A73D52DC20A0E00D928F3 /* PBXContainerItemProxy */;
		};
/* End PBXTargetDependency section */

/* Begin XCBuildConfiguration section */
		AD9A73DC2DC20A0E00D928F3 /* Debug */ = {
			isa = XCBuildConfiguration;
			buildSettings = {
				ALWAYS_SEARCH_USER_PATHS = NO;
				ASSETCATALOG_COMPILER_GENERATE_SWIFT_ASSET_SYMBOL_EXTENSIONS = YES;
				CLANG_ANALYZER_NONNULL = YES;
				CLANG_ANALYZER_NUMBER_OBJECT_CONVERSION = YES_AGGRESSIVE;
				CLANG_CXX_LANGUAGE_STANDARD = "gnu++20";
				CLANG_ENABLE_MODULES = YES;
				CLANG_ENABLE_OBJC_ARC = YES;
				CLANG_ENABLE_OBJC_WEAK = YES;
				CLANG_WARN_BLOCK_CAPTURE_AUTORELEASING = YES;
				CLANG_WARN_BOOL_CONVERSION = YES;
				CLANG_WARN_COMMA = YES;
				CLANG_WARN_CONSTANT_CONVERSION = YES;
				CLANG_WARN_DEPRECATED_OBJC_IMPLEMENTATIONS = YES;
				CLANG_WARN_DIRECT_OBJC_ISA_USAGE = YES_ERROR;
				CLANG_WARN_DOCUMENTATION_COMMENTS = YES;
				CLANG_WARN_EMPTY_BODY = YES;
				CLANG_WARN_ENUM_CONVERSION = YES;
				CLANG_WARN_INFINITE_RECURSION = YES;
				CLANG_WARN_INT_CONVERSION = YES;
				CLANG_WARN_NON_LITERAL_NULL_CONVERSION = YES;
				CLANG_WARN_OBJC_IMPLICIT_RETAIN_SELF = YES;
				CLANG_WARN_OBJC_LITERAL_CONVERSION = YES;
				CLANG_WARN_OBJC_ROOT_CLASS = YES_ERROR;
				CLANG_WARN_QUOTED_INCLUDE_IN_FRAMEWORK_HEADER = YES;
				CLANG_WARN_RANGE_LOOP_ANALYSIS = YES;
				CLANG_WARN_STRICT_PROTOTYPES = YES;
				CLANG_WARN_SUSPICIOUS_MOVE = YES;
				CLANG_WARN_UNGUARDED_AVAILABILITY = YES_AGGRESSIVE;
				CLANG_WARN_UNREACHABLE_CODE = YES;
				CLANG_WARN__DUPLICATE_METHOD_MATCH = YES;
				COPY_PHASE_STRIP = NO;
				DEBUG_INFORMATION_FORMAT = dwarf;
				ENABLE_STRICT_OBJC_MSGSEND = YES;
				ENABLE_TESTABILITY = YES;
				ENABLE_USER_SCRIPT_SANDBOXING = YES;
				GCC_C_LANGUAGE_STANDARD = gnu17;
				GCC_DYNAMIC_NO_PIC = NO;
				GCC_NO_COMMON_BLOCKS = YES;
				GCC_OPTIMIZATION_LEVEL = 0;
				GCC_PREPROCESSOR_DEFINITIONS = (
					"DEBUG=1",
					"$(inherited)",
				);
				GCC_WARN_64_TO_32_BIT_CONVERSION = YES;
				GCC_WARN_ABOUT_RETURN_TYPE = YES_ERROR;
				GCC_WARN_UNDECLARED_SELECTOR = YES;
				GCC_WARN_UNINITIALIZED_AUTOS = YES_AGGRESSIVE;
				GCC_WARN_UNUSED_FUNCTION = YES;
				GCC_WARN_UNUSED_VARIABLE = YES;
				IPHONEOS_DEPLOYMENT_TARGET = 18.4;
				LOCALIZATION_PREFERS_STRING_CATALOGS = YES;
				MTL_ENABLE_DEBUG_INFO = INCLUDE_SOURCE;
				MTL_FAST_MATH = YES;
				ONLY_ACTIVE_ARCH = YES;
				SDKROOT = iphoneos;
				SWIFT_ACTIVE_COMPILATION_CONDITIONS = "DEBUG $(inherited)";
				SWIFT_OPTIMIZATION_LEVEL = "-Onone";
			};
			name = Debug;
		};
		AD9A73DD2DC20A0E00D928F3 /* Release */ = {
			isa = XCBuildConfiguration;
			buildSettings = {
				ALWAYS_SEARCH_USER_PATHS = NO;
				ASSETCATALOG_COMPILER_GENERATE_SWIFT_ASSET_SYMBOL_EXTENSIONS = YES;
				CLANG_ANALYZER_NONNULL = YES;
				CLANG_ANALYZER_NUMBER_OBJECT_CONVERSION = YES_AGGRESSIVE;
				CLANG_CXX_LANGUAGE_STANDARD = "gnu++20";
				CLANG_ENABLE_MODULES = YES;
				CLANG_ENABLE_OBJC_ARC = YES;
				CLANG_ENABLE_OBJC_WEAK = YES;
				CLANG_WARN_BLOCK_CAPTURE_AUTORELEASING = YES;
				CLANG_WARN_BOOL_CONVERSION = YES;
				CLANG_WARN_COMMA = YES;
				CLANG_WARN_CONSTANT_CONVERSION = YES;
				CLANG_WARN_DEPRECATED_OBJC_IMPLEMENTATIONS = YES;
				CLANG_WARN_DIRECT_OBJC_ISA_USAGE = YES_ERROR;
				CLANG_WARN_DOCUMENTATION_COMMENTS = YES;
				CLANG_WARN_EMPTY_BODY = YES;
				CLANG_WARN_ENUM_CONVERSION = YES;
				CLANG_WARN_INFINITE_RECURSION = YES;
				CLANG_WARN_INT_CONVERSION = YES;
				CLANG_WARN_NON_LITERAL_NULL_CONVERSION = YES;
				CLANG_WARN_OBJC_IMPLICIT_RETAIN_SELF = YES;
				CLANG_WARN_OBJC_LITERAL_CONVERSION = YES;
				CLANG_WARN_OBJC_ROOT_CLASS = YES_ERROR;
				CLANG_WARN_QUOTED_INCLUDE_IN_FRAMEWORK_HEADER = YES;
				CLANG_WARN_RANGE_LOOP_ANALYSIS = YES;
				CLANG_WARN_STRICT_PROTOTYPES = YES;
				CLANG_WARN_SUSPICIOUS_MOVE = YES;
				CLANG_WARN_UNGUARDED_AVAILABILITY = YES_AGGRESSIVE;
				CLANG_WARN_UNREACHABLE_CODE = YES;
				CLANG_WARN__DUPLICATE_METHOD_MATCH = YES;
				COPY_PHASE_STRIP = NO;
				DEBUG_INFORMATION_FORMAT = "dwarf-with-dsym";
				ENABLE_NS_ASSERTIONS = NO;
				ENABLE_STRICT_OBJC_MSGSEND = YES;
				ENABLE_USER_SCRIPT_SANDBOXING = YES;
				GCC_C_LANGUAGE_STANDARD = gnu17;
				GCC_NO_COMMON_BLOCKS = YES;
				GCC_WARN_64_TO_32_BIT_CONVERSION = YES;
				GCC_WARN_ABOUT_RETURN_TYPE = YES_ERROR;
				GCC_WARN_UNDECLARED_SELECTOR = YES;
				GCC_WARN_UNINITIALIZED_AUTOS = YES_AGGRESSIVE;
				GCC_WARN_UNUSED_FUNCTION = YES;
				GCC_WARN_UNUSED_VARIABLE = YES;
				IPHONEOS_DEPLOYMENT_TARGET = 18.4;
				LOCALIZATION_PREFERS_STRING_CATALOGS = YES;
				MTL_ENABLE_DEBUG_INFO = NO;
				MTL_FAST_MATH = YES;
				SDKROOT = iphoneos;
				SWIFT_COMPILATION_MODE = wholemodule;
				VALIDATE_PRODUCT = YES;
			};
			name = Release;
		};
		AD9A73DF2DC20A0E00D928F3 /* Debug */ = {
			isa = XCBuildConfiguration;
			buildSettings = {
				ASSETCATALOG_COMPILER_APPICON_NAME = AppIcon;
				ASSETCATALOG_COMPILER_GLOBAL_ACCENT_COLOR_NAME = AccentColor;
				CODE_SIGN_STYLE = Automatic;
				CURRENT_PROJECT_VERSION = 1;
				DEVELOPMENT_TEAM = LB8X22QE95;
				ENABLE_PREVIEWS = YES;
				GENERATE_INFOPLIST_FILE = YES;
				INFOPLIST_FILE = KaiKai/Info.plist;
				INFOPLIST_KEY_LSApplicationCategoryType = "";
				INFOPLIST_KEY_NSCameraUsageDescription = "カメラを使う";
				INFOPLIST_KEY_NSLocationAlwaysUsageDescription = "";
				INFOPLIST_KEY_NSLocationUsageDescription = "位置情報の照合";
				INFOPLIST_KEY_NSLocationWhenInUseUsageDescription = "現在地を許可する";
				INFOPLIST_KEY_UIApplicationSceneManifest_Generation = YES;
				INFOPLIST_KEY_UIApplicationSupportsIndirectInputEvents = YES;
				INFOPLIST_KEY_UILaunchScreen_Generation = YES;
				INFOPLIST_KEY_UISupportedInterfaceOrientations_iPad = "UIInterfaceOrientationPortrait UIInterfaceOrientationPortraitUpsideDown UIInterfaceOrientationLandscapeLeft UIInterfaceOrientationLandscapeRight";
				INFOPLIST_KEY_UISupportedInterfaceOrientations_iPhone = "UIInterfaceOrientationPortrait UIInterfaceOrientationLandscapeLeft UIInterfaceOrientationLandscapeRight";
				LD_RUNPATH_SEARCH_PATHS = (
					"$(inherited)",
					"@executable_path/Frameworks",
				);
				MARKETING_VERSION = 1.0;
				PRODUCT_BUNDLE_IDENTIFIER = kai.KaiKai;
				PRODUCT_NAME = "$(TARGET_NAME)";
				SWIFT_EMIT_LOC_STRINGS = YES;
				SWIFT_VERSION = 5.0;
				TARGETED_DEVICE_FAMILY = "1,2";
			};
			name = Debug;
		};
		AD9A73E02DC20A0E00D928F3 /* Release */ = {
			isa = XCBuildConfiguration;
			buildSettings = {
				ASSETCATALOG_COMPILER_APPICON_NAME = AppIcon;
				ASSETCATALOG_COMPILER_GLOBAL_ACCENT_COLOR_NAME = AccentColor;
				CODE_SIGN_STYLE = Automatic;
				CURRENT_PROJECT_VERSION = 1;
				DEVELOPMENT_TEAM = LB8X22QE95;
				ENABLE_PREVIEWS = YES;
				GENERATE_INFOPLIST_FILE = YES;
				INFOPLIST_FILE = KaiKai/Info.plist;
				INFOPLIST_KEY_LSApplicationCategoryType = "";
				INFOPLIST_KEY_NSCameraUsageDescription = "カメラを使う";
				INFOPLIST_KEY_NSLocationAlwaysUsageDescription = "";
				INFOPLIST_KEY_NSLocationUsageDescription = "位置情報の照合";
				INFOPLIST_KEY_NSLocationWhenInUseUsageDescription = "現在地を許可する";
				INFOPLIST_KEY_UIApplicationSceneManifest_Generation = YES;
				INFOPLIST_KEY_UIApplicationSupportsIndirectInputEvents = YES;
				INFOPLIST_KEY_UILaunchScreen_Generation = YES;
				INFOPLIST_KEY_UISupportedInterfaceOrientations_iPad = "UIInterfaceOrientationPortrait UIInterfaceOrientationPortraitUpsideDown UIInterfaceOrientationLandscapeLeft UIInterfaceOrientationLandscapeRight";
				INFOPLIST_KEY_UISupportedInterfaceOrientations_iPhone = "UIInterfaceOrientationPortrait UIInterfaceOrientationLandscapeLeft UIInterfaceOrientationLandscapeRight";
				LD_RUNPATH_SEARCH_PATHS = (
					"$(inherited)",
					"@executable_path/Frameworks",
				);
				MARKETING_VERSION = 1.0;
				PRODUCT_BUNDLE_IDENTIFIER = kai.KaiKai;
				PRODUCT_NAME = "$(TARGET_NAME)";
				SWIFT_EMIT_LOC_STRINGS = YES;
				SWIFT_VERSION = 5.0;
				TARGETED_DEVICE_FAMILY = "1,2";
			};
			name = Release;
		};
		AD9A73E22DC20A0E00D928F3 /* Debug */ = {
			isa = XCBuildConfiguration;
			buildSettings = {
				BUNDLE_LOADER = "$(TEST_HOST)";
				CODE_SIGN_STYLE = Automatic;
				CURRENT_PROJECT_VERSION = 1;
				GENERATE_INFOPLIST_FILE = YES;
				IPHONEOS_DEPLOYMENT_TARGET = 18.4;
				MARKETING_VERSION = 1.0;
				PRODUCT_BUNDLE_IDENTIFIER = kai.KaiKaiTests;
				PRODUCT_NAME = "$(TARGET_NAME)";
				SWIFT_EMIT_LOC_STRINGS = NO;
				SWIFT_VERSION = 5.0;
				TARGETED_DEVICE_FAMILY = "1,2";
				TEST_HOST = "$(BUILT_PRODUCTS_DIR)/KaiKai.app/$(BUNDLE_EXECUTABLE_FOLDER_PATH)/KaiKai";
			};
			name = Debug;
		};
		AD9A73E32DC20A0E00D928F3 /* Release */ = {
			isa = XCBuildConfiguration;
			buildSettings = {
				BUNDLE_LOADER = "$(TEST_HOST)";
				CODE_SIGN_STYLE = Automatic;
				CURRENT_PROJECT_VERSION = 1;
				GENERATE_INFOPLIST_FILE = YES;
				IPHONEOS_DEPLOYMENT_TARGET = 18.4;
				MARKETING_VERSION = 1.0;
				PRODUCT_BUNDLE_IDENTIFIER = kai.KaiKaiTests;
				PRODUCT_NAME = "$(TARGET_NAME)";
				SWIFT_EMIT_LOC_STRINGS = NO;
				SWIFT_VERSION = 5.0;
				TARGETED_DEVICE_FAMILY = "1,2";
				TEST_HOST = "$(BUILT_PRODUCTS_DIR)/KaiKai.app/$(BUNDLE_EXECUTABLE_FOLDER_PATH)/KaiKai";
			};
			name = Release;
		};
		AD9A73E52DC20A0E00D928F3 /* Debug */ = {
			isa = XCBuildConfiguration;
			buildSettings = {
				CODE_SIGN_STYLE = Automatic;
				CURRENT_PROJECT_VERSION = 1;
				GENERATE_INFOPLIST_FILE = YES;
				MARKETING_VERSION = 1.0;
				PRODUCT_BUNDLE_IDENTIFIER = kai.KaiKaiUITests;
				PRODUCT_NAME = "$(TARGET_NAME)";
				SWIFT_EMIT_LOC_STRINGS = NO;
				SWIFT_VERSION = 5.0;
				TARGETED_DEVICE_FAMILY = "1,2";
				TEST_TARGET_NAME = KaiKai;
			};
			name = Debug;
		};
		AD9A73E62DC20A0E00D928F3 /* Release */ = {
			isa = XCBuildConfiguration;
			buildSettings = {
				CODE_SIGN_STYLE = Automatic;
				CURRENT_PROJECT_VERSION = 1;
				GENERATE_INFOPLIST_FILE = YES;
				MARKETING_VERSION = 1.0;
				PRODUCT_BUNDLE_IDENTIFIER = kai.KaiKaiUITests;
				PRODUCT_NAME = "$(TARGET_NAME)";
				SWIFT_EMIT_LOC_STRINGS = NO;
				SWIFT_VERSION = 5.0;
				TARGETED_DEVICE_FAMILY = "1,2";
				TEST_TARGET_NAME = KaiKai;
			};
			name = Release;
		};
/* End XCBuildConfiguration section */

/* Begin XCConfigurationList section */
		AD9A73B82DC20A0900D928F3 /* Build configuration list for PBXProject "KaiKai" */ = {
			isa = XCConfigurationList;
			buildConfigurations = (
				AD9A73DC2DC20A0E00D928F3 /* Debug */,
				AD9A73DD2DC20A0E00D928F3 /* Release */,
			);
			defaultConfigurationIsVisible = 0;
			defaultConfigurationName = Release;
		};
		AD9A73DE2DC20A0E00D928F3 /* Build configuration list for PBXNativeTarget "KaiKai" */ = {
			isa = XCConfigurationList;
			buildConfigurations = (
				AD9A73DF2DC20A0E00D928F3 /* Debug */,
				AD9A73E02DC20A0E00D928F3 /* Release */,
			);
			defaultConfigurationIsVisible = 0;
			defaultConfigurationName = Release;
		};
		AD9A73E12DC20A0E00D928F3 /* Build configuration list for PBXNativeTarget "KaiKaiTests" */ = {
			isa = XCConfigurationList;
			buildConfigurations = (
				AD9A73E22DC20A0E00D928F3 /* Debug */,
				AD9A73E32DC20A0E00D928F3 /* Release */,
			);
			defaultConfigurationIsVisible = 0;
			defaultConfigurationName = Release;
		};
		AD9A73E42DC20A0E00D928F3 /* Build configuration list for PBXNativeTarget "KaiKaiUITests" */ = {
			isa = XCConfigurationList;
			buildConfigurations = (
				AD9A73E52DC20A0E00D928F3 /* Debug */,
				AD9A73E62DC20A0E00D928F3 /* Release */,
			);
			defaultConfigurationIsVisible = 0;
			defaultConfigurationName = Release;
		};
/* End XCConfigurationList section */
	};
	rootObject = AD9A73B52DC20A0900D928F3 /* Project object */;
}
